
Microsoft Visual Studio Solution File, Format Version 12.00
# Visual Studio Version 16
VisualStudioVersion = 16.0.32228.343
MinimumVisualStudioVersion = 10.0.40219.1
Project("{9A19103F-16F7-4668-BE54-9A1E7A4F7556}") = "P2PClient", "P2PClient\P2PClient.csproj", "{6F553312-67FA-4B72-BE06-37F0EBE5CDE5}"
EndProject
Project("{9A19103F-16F7-4668-BE54-9A1E7A4F7556}") = "P2PServer", "P2PApplication\P2PServer.csproj", "{8027B2F9-5AEB-4E56-B515-229BF962B7D2}"
EndProject
Global
	GlobalSection(SolutionConfigurationPlatforms) = preSolution
		Debug|Any CPU = Debug|Any CPU
		Release|Any CPU = Release|Any CPU
	EndGlobalSection
	GlobalSection(ProjectConfigurationPlatforms) = postSolution
		{6F553312-67FA-4B72-BE06-37F0EBE5CDE5}.Debug|Any CPU.ActiveCfg = Debug|Any CPU
		{6F553312-67FA-4B72-BE06-37F0EBE5CDE5}.Debug|Any CPU.Build.0 = Debug|Any CPU
		{6F553312-67FA-4B72-BE06-37F0EBE5CDE5}.Release|Any CPU.ActiveCfg = Release|Any CPU
		{6F553312-67FA-4B72-BE06-37F0EBE5CDE5}.Release|Any CPU.Build.0 = Release|Any CPU
		{8027B2F9-5AEB-4E56-B515-229BF962B7D2}.Debug|Any CPU.ActiveCfg = Debug|Any CPU
		{8027B2F9-5AEB-4E56-B515-229BF962B7D2}.Debug|Any CPU.Build.0 = Debug|Any CPU
		{8027B2F9-5AEB-4E56-B515-229BF962B7D2}.Release|Any CPU.ActiveCfg = Release|Any CPU
		{8027B2F9-5AEB-4E56-B515-229BF962B7D2}.Release|Any CPU.Build.0 = Release|Any CPU
	EndGlobalSection
	GlobalSection(SolutionProperties) = preSolution
		HideSolutionNode = FALSE
	EndGlobalSection
	GlobalSection(ExtensibilityGlobals) = postSolution
		SolutionGuid = {561A0827-2F45-4280-A569-847FE169F6A9}
	EndGlobalSection
EndGlobal
